
Microsoft Visual Studio Solution File, Format Version 12.00
# Visual Studio 14
VisualStudioVersion = 14.0.22823.1
MinimumVisualStudioVersion = 10.0.40219.1
Project("{FAE04EC0-301F-11D3-BF4B-00C04F79EFBC}") = "CuriosityStore", "CuriosityStore\CuriosityStore.csproj", "{5301C82F-0E99-498A-BA64-99F2BE1D5BD6}"
EndProject
Project("{FAE04EC0-301F-11D3-BF4B-00C04F79EFBC}") = "CuriosityStore.Tests", "CuriosityStore.Tests\CuriosityStore.Tests.csproj", "{B49DC4CA-8815-4456-B4A7-90CBDC641C69}"
EndProject
Project("{2150E333-8FDC-42A3-9474-1A3956D46DE8}") = "PublishScripts", "PublishScripts", "{AE5EE75E-6F15-4832-BD46-C6E19E6AA1F8}"
	ProjectSection(SolutionItems) = preProject
		PublishScripts\AzureWebsitePublishModule.psm1 = PublishScripts\AzureWebsitePublishModule.psm1
		PublishScripts\Publish-WebApplicationWebsite.ps1 = PublishScripts\Publish-WebApplicationWebsite.ps1
	EndProjectSection
EndProject
Project("{2150E333-8FDC-42A3-9474-1A3956D46DE8}") = "Configurations", "Configurations", "{4D7CB580-FDB1-49B9-8C33-3019736CD18F}"
	ProjectSection(SolutionItems) = preProject
		PublishScripts\Configurations\CuriosityStore-WAWS-dev.json = PublishScripts\Configurations\CuriosityStore-WAWS-dev.json
	EndProjectSection
EndProject
Global
	GlobalSection(SolutionConfigurationPlatforms) = preSolution
		Debug|Any CPU = Debug|Any CPU
		Release|Any CPU = Release|Any CPU
	EndGlobalSection
	GlobalSection(ProjectConfigurationPlatforms) = postSolution
		{5301C82F-0E99-498A-BA64-99F2BE1D5BD6}.Debug|Any CPU.ActiveCfg = Debug|Any CPU
		{5301C82F-0E99-498A-BA64-99F2BE1D5BD6}.Debug|Any CPU.Build.0 = Debug|Any CPU
		{5301C82F-0E99-498A-BA64-99F2BE1D5BD6}.Release|Any CPU.ActiveCfg = Release|Any CPU
		{5301C82F-0E99-498A-BA64-99F2BE1D5BD6}.Release|Any CPU.Build.0 = Release|Any CPU
		{B49DC4CA-8815-4456-B4A7-90CBDC641C69}.Debug|Any CPU.ActiveCfg = Debug|Any CPU
		{B49DC4CA-8815-4456-B4A7-90CBDC641C69}.Debug|Any CPU.Build.0 = Debug|Any CPU
		{B49DC4CA-8815-4456-B4A7-90CBDC641C69}.Release|Any CPU.ActiveCfg = Release|Any CPU
		{B49DC4CA-8815-4456-B4A7-90CBDC641C69}.Release|Any CPU.Build.0 = Release|Any CPU
	EndGlobalSection
	GlobalSection(SolutionProperties) = preSolution
		HideSolutionNode = FALSE
	EndGlobalSection
	GlobalSection(NestedProjects) = preSolution
		{4D7CB580-FDB1-49B9-8C33-3019736CD18F} = {AE5EE75E-6F15-4832-BD46-C6E19E6AA1F8}
	EndGlobalSection
EndGlobal
